
Microsoft Visual Studio Solution File, Format Version 12.00
# Visual Studio Version 16
VisualStudioVersion = 16.0.30114.105
MinimumVisualStudioVersion = 10.0.40219.1
Project("{FAE04EC0-301F-11D3-BF4B-00C04F79EFBC}") = "API", "API\API.csproj", "{B463B7A3-AAA6-4A3C-B89E-9C6233DA6F8C}"
EndProject
Project("{FAE04EC0-301F-11D3-BF4B-00C04F79EFBC}") = "Application", "Application\Application.csproj", "{6B67F36D-A4A1-41ED-AEF5-1BB52C6C7D76}"
EndProject
Project("{FAE04EC0-301F-11D3-BF4B-00C04F79EFBC}") = "Persistence", "Persistence\Persistence.csproj", "{FB272335-E455-40B7-ADCB-343C37BEC47A}"
EndProject
Project("{FAE04EC0-301F-11D3-BF4B-00C04F79EFBC}") = "Domain", "Domain\Domain.csproj", "{12EE2D71-6A9F-438C-AB66-89D805F802D5}"
EndProject
Global
	GlobalSection(SolutionConfigurationPlatforms) = preSolution
		Debug|Any CPU = Debug|Any CPU
		Release|Any CPU = Release|Any CPU
	EndGlobalSection
	GlobalSection(SolutionProperties) = preSolution
		HideSolutionNode = FALSE
	EndGlobalSection
	GlobalSection(ProjectConfigurationPlatforms) = postSolution
		{B463B7A3-AAA6-4A3C-B89E-9C6233DA6F8C}.Debug|Any CPU.ActiveCfg = Debug|Any CPU
		{B463B7A3-AAA6-4A3C-B89E-9C6233DA6F8C}.Debug|Any CPU.Build.0 = Debug|Any CPU
		{B463B7A3-AAA6-4A3C-B89E-9C6233DA6F8C}.Release|Any CPU.ActiveCfg = Release|Any CPU
		{B463B7A3-AAA6-4A3C-B89E-9C6233DA6F8C}.Release|Any CPU.Build.0 = Release|Any CPU
		{6B67F36D-A4A1-41ED-AEF5-1BB52C6C7D76}.Debug|Any CPU.ActiveCfg = Debug|Any CPU
		{6B67F36D-A4A1-41ED-AEF5-1BB52C6C7D76}.Debug|Any CPU.Build.0 = Debug|Any CPU
		{6B67F36D-A4A1-41ED-AEF5-1BB52C6C7D76}.Release|Any CPU.ActiveCfg = Release|Any CPU
		{6B67F36D-A4A1-41ED-AEF5-1BB52C6C7D76}.Release|Any CPU.Build.0 = Release|Any CPU
		{FB272335-E455-40B7-ADCB-343C37BEC47A}.Debug|Any CPU.ActiveCfg = Debug|Any CPU
		{FB272335-E455-40B7-ADCB-343C37BEC47A}.Debug|Any CPU.Build.0 = Debug|Any CPU
		{FB272335-E455-40B7-ADCB-343C37BEC47A}.Release|Any CPU.ActiveCfg = Release|Any CPU
		{FB272335-E455-40B7-ADCB-343C37BEC47A}.Release|Any CPU.Build.0 = Release|Any CPU
		{12EE2D71-6A9F-438C-AB66-89D805F802D5}.Debug|Any CPU.ActiveCfg = Debug|Any CPU
		{12EE2D71-6A9F-438C-AB66-89D805F802D5}.Debug|Any CPU.Build.0 = Debug|Any CPU
		{12EE2D71-6A9F-438C-AB66-89D805F802D5}.Release|Any CPU.ActiveCfg = Release|Any CPU
		{12EE2D71-6A9F-438C-AB66-89D805F802D5}.Release|Any CPU.Build.0 = Release|Any CPU
	EndGlobalSection
EndGlobal
